
Microsoft Visual Studio Solution File, Format Version 12.00
# Visual Studio Version 16
VisualStudioVersion = 16.0.31515.178
MinimumVisualStudioVersion = 10.0.40219.1
Project("{9A19103F-16F7-4668-BE54-9A1E7A4F7556}") = "Phase03Project", "IdentitySecuredApp\Phase03Project.csproj", "{2A43766F-8372-4125-974E-DE3E0355403A}"
EndProject
Global
	GlobalSection(SolutionConfigurationPlatforms) = preSolution
		Debug|Any CPU = Debug|Any CPU
		Release|Any CPU = Release|Any CPU
	EndGlobalSection
	GlobalSection(ProjectConfigurationPlatforms) = postSolution
		{2A43766F-8372-4125-974E-DE3E0355403A}.Debug|Any CPU.ActiveCfg = Debug|Any CPU
		{2A43766F-8372-4125-974E-DE3E0355403A}.Debug|Any CPU.Build.0 = Debug|Any CPU
		{2A43766F-8372-4125-974E-DE3E0355403A}.Release|Any CPU.ActiveCfg = Release|Any CPU
		{2A43766F-8372-4125-974E-DE3E0355403A}.Release|Any CPU.Build.0 = Release|Any CPU
	EndGlobalSection
	GlobalSection(SolutionProperties) = preSolution
		HideSolutionNode = FALSE
	EndGlobalSection
	GlobalSection(ExtensibilityGlobals) = postSolution
		SolutionGuid = {95BB1E1D-BCF7-45B2-9315-CC6428FE7D7D}
	EndGlobalSection
EndGlobal
